// !$*UTF8*$!
{
	archiveVersion = 1;
	classes = {
	};
	objectVersion = 46;
	objects = {

/* Begin PBXBuildFile section */
		D09CDFB01EFAB731008FCC50 /* AppDelegate.swift in Sources */ = {isa = PBXBuildFile; fileRef = D09CDFAF1EFAB731008FCC50 /* AppDelegate.swift */; };
		D09CDFB21EFAB731008FCC50 /* ViewController.swift in Sources */ = {isa = PBXBuildFile; fileRef = D09CDFB11EFAB731008FCC50 /* ViewController.swift */; };
		D09CDFB51EFAB731008FCC50 /* Main.storyboard in Resources */ = {isa = PBXBuildFile; fileRef = D09CDFB31EFAB731008FCC50 /* Main.storyboard */; };
		D09CDFB71EFAB731008FCC50 /* Assets.xcassets in Resources */ = {isa = PBXBuildFile; fileRef = D09CDFB61EFAB731008FCC50 /* Assets.xcassets */; };
		D09CDFBA1EFAB731008FCC50 /* LaunchScreen.storyboard in Resources */ = {isa = PBXBuildFile; fileRef = D09CDFB81EFAB731008FCC50 /* LaunchScreen.storyboard */; };
/* End PBXBuildFile section */

/* Begin PBXFileReference section */
		D09CDFAC1EFAB731008FCC50 /* Attendance2.0.app */ = {isa = PBXFileReference; explicitFileType = wrapper.application; includeInIndex = 0; path = Attendance2.0.app; sourceTree = BUILT_PRODUCTS_DIR; };
		D09CDFAF1EFAB731008FCC50 /* AppDelegate.swift */ = {isa = PBXFileReference; lastKnownFileType = sourcecode.swift; path = AppDelegate.swift; sourceTree = "<group>"; };
		D09CDFB11EFAB731008FCC50 /* ViewController.swift */ = {isa = PBXFileReference; lastKnownFileType = sourcecode.swift; path = ViewController.swift; sourceTree = "<group>"; };
		D09CDFB41EFAB731008FCC50 /* Base */ = {isa = PBXFileReference; lastKnownFileType = file.storyboard; name = Base; path = Base.lproj/Main.storyboard; sourceTree = "<group>"; };
		D09CDFB61EFAB731008FCC50 /* Assets.xcassets */ = {isa = PBXFileReference; lastKnownFileType = folder.assetcatalog; path = Assets.xcassets; sourceTree = "<group>"; };
		D09CDFB91EFAB731008FCC50 /* Base */ = {isa = PBXFileReference; lastKnownFileType = file.storyboard; name = Base; path = Base.lproj/LaunchScreen.storyboard; sourceTree = "<group>"; };
		D09CDFBB1EFAB731008FCC50 /* Info.plist */ = {isa = PBXFileReference; lastKnownFileType = text.plist.xml; path = Info.plist; sourceTree = "<group>"; };
/* End PBXFileReference section */

/* Begin PBXFrameworksBuildPhase section */
		D09CDFA91EFAB731008FCC50 /* Frameworks */ = {
			isa = PBXFrameworksBuildPhase;
			buildActionMask = 2147483647;
			files = (
			);
			runOnlyForDeploymentPostprocessing = 0;
		};
/* End PBXFrameworksBuildPhase section */

/* Begin PBXGroup section */
		D09CDFA31EFAB731008FCC50 = {
			isa = PBXGroup;
			children = (
				D09CDFAE1EFAB731008FCC50 /* Attendance2.0 */,
				D09CDFAD1EFAB731008FCC50 /* Products */,
			);
			sourceTree = "<group>";
		};
		D09CDFAD1EFAB731008FCC50 /* Products */ = {
			isa = PBXGroup;
			children = (
				D09CDFAC1EFAB731008FCC50 /* Attendance2.0.app */,
			);
			name = Products;
			sourceTree = "<group>";
		};
		D09CDFAE1EFAB731008FCC50 /* Attendance2.0 */ = {
			isa = PBXGroup;
			children = (
				D09CDFAF1EFAB731008FCC50 /* AppDelegate.swift */,
				D09CDFB11EFAB731008FCC50 /* ViewController.swift */,
				D09CDFB31EFAB731008FCC50 /* Main.storyboard */,
				D09CDFB61EFAB731008FCC50 /* Assets.xcassets */,
				D09CDFB81EFAB731008FCC50 /* LaunchScreen.storyboard */,
				D09CDFBB1EFAB731008FCC50 /* Info.plist */,
			);
			path = Attendance2.0;
			sourceTree = "<group>";
		};
/* End PBXGroup section */

/* Begin PBXNativeTarget section */
		D09CDFAB1EFAB731008FCC50 /* Attendance2.0 */ = {
			isa = PBXNativeTarget;
			buildConfigurationList = D09CDFBE1EFAB731008FCC50 /* Build configuration list for PBXNativeTarget "Attendance2.0" */;
			buildPhases = (
				D09CDFA81EFAB731008FCC50 /* Sources */,
				D09CDFA91EFAB731008FCC50 /* Frameworks */,
				D09CDFAA1EFAB731008FCC50 /* Resources */,
			);
			buildRules = (
			);
			dependencies = (
			);
			name = Attendance2.0;
			productName = Attendance2.0;
			productReference = D09CDFAC1EFAB731008FCC50 /* Attendance2.0.app */;
			productType = "com.apple.product-type.application";
		};
/* End PBXNativeTarget section */

/* Begin PBXProject section */
		D09CDFA41EFAB731008FCC50 /* Project object */ = {
			isa = PBXProject;
			attributes = {
				LastSwiftUpdateCheck = 0830;
				LastUpgradeCheck = 0830;
				ORGANIZATIONNAME = Fish;
				TargetAttributes = {
					D09CDFAB1EFAB731008FCC50 = {
						CreatedOnToolsVersion = 8.3.3;
						DevelopmentTeam = QK5WLWAWC3;
						ProvisioningStyle = Automatic;
					};
				};
			};
			buildConfigurationList = D09CDFA71EFAB731008FCC50 /* Build configuration list for PBXProject "Attendance2.0" */;
			compatibilityVersion = "Xcode 3.2";
			developmentRegion = English;
			hasScannedForEncodings = 0;
			knownRegions = (
				en,
				Base,
			);
			mainGroup = D09CDFA31EFAB731008FCC50;
			productRefGroup = D09CDFAD1EFAB731008FCC50 /* Products */;
			projectDirPath = "";
			projectRoot = "";
			targets = (
				D09CDFAB1EFAB731008FCC50 /* Attendance2.0 */,
			);
		};
/* End PBXProject section */

/* Begin PBXResourcesBuildPhase section */
		D09CDFAA1EFAB731008FCC50 /* Resources */ = {
			isa = PBXResourcesBuildPhase;
			buildActionMask = 2147483647;
			files = (
				D09CDFBA1EFAB731008FCC50 /* LaunchScreen.storyboard in Resources */,
				D09CDFB71EFAB731008FCC50 /* Assets.xcassets in Resources */,
				D09CDFB51EFAB731008FCC50 /* Main.storyboard in Resources */,
			);
			runOnlyForDeploymentPostprocessing = 0;
		};
/* End PBXResourcesBuildPhase section */

/* Begin PBXSourcesBuildPhase section */
		D09CDFA81EFAB731008FCC50 /* Sources */ = {
			isa = PBXSourcesBuildPhase;
			buildActionMask = 2147483647;
			files = (
				D09CDFB21EFAB731008FCC50 /* ViewController.swift in Sources */,
				D09CDFB01EFAB731008FCC50 /* AppDelegate.swift in Sources */,
			);
			runOnlyForDeploymentPostprocessing = 0;
		};
/* End PBXSourcesBuildPhase section */

/* Begin PBXVariantGroup section */
		D09CDFB31EFAB731008FCC50 /* Main.storyboard */ = {
			isa = PBXVariantGroup;
			children = (
				D09CDFB41EFAB731008FCC50 /* Base */,
			);
			name = Main.storyboard;
			sourceTree = "<group>";
		};
		D09CDFB81EFAB731008FCC50 /* LaunchScreen.storyboard */ = {
			isa = PBXVariantGroup;
			children = (
				D09CDFB91EFAB731008FCC50 /* Base */,
			);
			name = LaunchScreen.storyboard;
			sourceTree = "<group>";
		};
/* End PBXVariantGroup section */

/* Begin XCBuildConfiguration section */
		D09CDFBC1EFAB731008FCC50 /* Debug */ = {
			isa = XCBuildConfiguration;
			buildSettings = {
				ALWAYS_SEARCH_USER_PATHS = NO;
				CLANG_ANALYZER_NONNULL = YES;
				CLANG_ANALYZER_NUMBER_OBJECT_CONVERSION = YES_AGGRESSIVE;
				CLANG_CXX_LANGUAGE_STANDARD = "gnu++0x";
				CLANG_CXX_LIBRARY = "libc++";
				CLANG_ENABLE_MODULES = YES;
				CLANG_ENABLE_OBJC_ARC = YES;
				CLANG_WARN_BOOL_CONVERSION = YES;
				CLANG_WARN_CONSTANT_CONVERSION = YES;
				CLANG_WARN_DIRECT_OBJC_ISA_USAGE = YES_ERROR;
				CLANG_WARN_DOCUMENTATION_COMMENTS = YES;
				CLANG_WARN_EMPTY_BODY = YES;
				CLANG_WARN_ENUM_CONVERSION = YES;
				CLANG_WARN_INFINITE_RECURSION = YES;
				CLANG_WARN_INT_CONVERSION = YES;
				CLANG_WARN_OBJC_ROOT_CLASS = YES_ERROR;
				CLANG_WARN_SUSPICIOUS_MOVE = YES;
				CLANG_WARN_UNREACHABLE_CODE = YES;
				CLANG_WARN__DUPLICATE_METHOD_MATCH = YES;
				"CODE_SIGN_IDENTITY[sdk=iphoneos*]" = "iPhone Developer";
				COPY_PHASE_STRIP = NO;
				DEBUG_INFORMATION_FORMAT = dwarf;
				ENABLE_STRICT_OBJC_MSGSEND = YES;
				ENABLE_TESTABILITY = YES;
				GCC_C_LANGUAGE_STANDARD = gnu99;
				GCC_DYNAMIC_NO_PIC = NO;
				GCC_NO_COMMON_BLOCKS = YES;
				GCC_OPTIMIZATION_LEVEL = 0;
				GCC_PREPROCESSOR_DEFINITIONS = (
					"DEBUG=1",
					"$(inherited)",
				);
				GCC_WARN_64_TO_32_BIT_CONVERSION = YES;
				GCC_WARN_ABOUT_RETURN_TYPE = YES_ERROR;
				GCC_WARN_UNDECLARED_SELECTOR = YES;
				GCC_WARN_UNINITIALIZED_AUTOS = YES_AGGRESSIVE;
				GCC_WARN_UNUSED_FUNCTION = YES;
				GCC_WARN_UNUSED_VARIABLE = YES;
				IPHONEOS_DEPLOYMENT_TARGET = 10.3;
				MTL_ENABLE_DEBUG_INFO = YES;
				ONLY_ACTIVE_ARCH = YES;
				SDKROOT = iphoneos;
				SWIFT_ACTIVE_COMPILATION_CONDITIONS = DEBUG;
				SWIFT_OPTIMIZATION_LEVEL = "-Onone";
			};
			name = Debug;
		};
		D09CDFBD1EFAB731008FCC50 /* Release */ = {
			isa = XCBuildConfiguration;
			buildSettings = {
				ALWAYS_SEARCH_USER_PATHS = NO;
				CLANG_ANALYZER_NONNULL = YES;
				CLANG_ANALYZER_NUMBER_OBJECT_CONVERSION = YES_AGGRESSIVE;
				CLANG_CXX_LANGUAGE_STANDARD = "gnu++0x";
				CLANG_CXX_LIBRARY = "libc++";
				CLANG_ENABLE_MODULES = YES;
				CLANG_ENABLE_OBJC_ARC = YES;
				CLANG_WARN_BOOL_CONVERSION = YES;
				CLANG_WARN_CONSTANT_CONVERSION = YES;
				CLANG_WARN_DIRECT_OBJC_ISA_USAGE = YES_ERROR;
				CLANG_WARN_DOCUMENTATION_COMMENTS = YES;
				CLANG_WARN_EMPTY_BODY = YES;
				CLANG_WARN_ENUM_CONVERSION = YES;
				CLANG_WARN_INFINITE_RECURSION = YES;
				CLANG_WARN_INT_CONVERSION = YES;
				CLANG_WARN_OBJC_ROOT_CLASS = YES_ERROR;
				CLANG_WARN_SUSPICIOUS_MOVE = YES;
				CLANG_WARN_UNREACHABLE_CODE = YES;
				CLANG_WARN__DUPLICATE_METHOD_MATCH = YES;
				"CODE_SIGN_IDENTITY[sdk=iphoneos*]" = "iPhone Developer";
				COPY_PHASE_STRIP = NO;
				DEBUG_INFORMATION_FORMAT = "dwarf-with-dsym";
				ENABLE_NS_ASSERTIONS = NO;
				ENABLE_STRICT_OBJC_MSGSEND = YES;
				GCC_C_LANGUAGE_STANDARD = gnu99;
				GCC_NO_COMMON_BLOCKS = YES;
				GCC_WARN_64_TO_32_BIT_CONVERSION = YES;
				GCC_WARN_ABOUT_RETURN_TYPE = YES_ERROR;
				GCC_WARN_UNDECLARED_SELECTOR = YES;
				GCC_WARN_UNINITIALIZED_AUTOS = YES_AGGRESSIVE;
				GCC_WARN_UNUSED_FUNCTION = YES;
				GCC_WARN_UNUSED_VARIABLE = YES;
				IPHONEOS_DEPLOYMENT_TARGET = 10.3;
				MTL_ENABLE_DEBUG_INFO = NO;
				SDKROOT = iphoneos;
				SWIFT_OPTIMIZATION_LEVEL = "-Owholemodule";
				VALIDATE_PRODUCT = YES;
			};
			name = Release;
		};
		D09CDFBF1EFAB731008FCC50 /* Debug */ = {
			isa = XCBuildConfiguration;
			buildSettings = {
				ASSETCATALOG_COMPILER_APPICON_NAME = AppIcon;
				DEVELOPMENT_TEAM = QK5WLWAWC3;
				INFOPLIST_FILE = Attendance2.0/Info.plist;
				LD_RUNPATH_SEARCH_PATHS = "$(inherited) @executable_path/Frameworks";
				PRODUCT_BUNDLE_IDENTIFIER = "com.fish.Attendance2-0";
				PRODUCT_NAME = "$(TARGET_NAME)";
				SWIFT_VERSION = 3.0;
			};
			name = Debug;
		};
		D09CDFC01EFAB731008FCC50 /* Release */ = {
			isa = XCBuildConfiguration;
			buildSettings = {
				ASSETCATALOG_COMPILER_APPICON_NAME = AppIcon;
				DEVELOPMENT_TEAM = QK5WLWAWC3;
				INFOPLIST_FILE = Attendance2.0/Info.plist;
				LD_RUNPATH_SEARCH_PATHS = "$(inherited) @executable_path/Frameworks";
				PRODUCT_BUNDLE_IDENTIFIER = "com.fish.Attendance2-0";
				PRODUCT_NAME = "$(TARGET_NAME)";
				SWIFT_VERSION = 3.0;
			};
			name = Release;
		};
/* End XCBuildConfiguration section */

/* Begin XCConfigurationList section */
		D09CDFA71EFAB731008FCC50 /* Build configuration list for PBXProject "Attendance2.0" */ = {
			isa = XCConfigurationList;
			buildConfigurations = (
				D09CDFBC1EFAB731008FCC50 /* Debug */,
				D09CDFBD1EFAB731008FCC50 /* Release */,
			);
			defaultConfigurationIsVisible = 0;
			defaultConfigurationName = Release;
		};
		D09CDFBE1EFAB731008FCC50 /* Build configuration list for PBXNativeTarget "Attendance2.0" */ = {
			isa = XCConfigurationList;
			buildConfigurations = (
				D09CDFBF1EFAB731008FCC50 /* Debug */,
				D09CDFC01EFAB731008FCC50 /* Release */,
			);
			defaultConfigurationIsVisible = 0;
		};
/* End XCConfigurationList section */
	};
	rootObject = D09CDFA41EFAB731008FCC50 /* Project object */;
}
